
Microsoft Visual Studio Solution File, Format Version 12.00
# Visual Studio Version 16
VisualStudioVersion = 16.0.33027.164
MinimumVisualStudioVersion = 10.0.40219.1
Project("{9092AA53-FB77-4645-B42D-1CCCA6BD08BD}") = "react_calc", "react_calc.njsproj", "{11D982F2-EC59-4B03-8069-885A52D75E28}"
EndProject
Global
	GlobalSection(SolutionConfigurationPlatforms) = preSolution
		Debug|Any CPU = Debug|Any CPU
		Release|Any CPU = Release|Any CPU
	EndGlobalSection
	GlobalSection(ProjectConfigurationPlatforms) = postSolution
		{11D982F2-EC59-4B03-8069-885A52D75E28}.Debug|Any CPU.ActiveCfg = Debug|Any CPU
		{11D982F2-EC59-4B03-8069-885A52D75E28}.Debug|Any CPU.Build.0 = Debug|Any CPU
		{11D982F2-EC59-4B03-8069-885A52D75E28}.Release|Any CPU.ActiveCfg = Release|Any CPU
		{11D982F2-EC59-4B03-8069-885A52D75E28}.Release|Any CPU.Build.0 = Release|Any CPU
	EndGlobalSection
	GlobalSection(SolutionProperties) = preSolution
		HideSolutionNode = FALSE
	EndGlobalSection
	GlobalSection(ExtensibilityGlobals) = postSolution
		SolutionGuid = {B25593BC-583E-45ED-9269-7C84A9221CD4}
	EndGlobalSection
EndGlobal
